
Microsoft Visual Studio Solution File, Format Version 12.00
# Visual Studio Version 17
VisualStudioVersion = 17.14.36301.6 d17.14
MinimumVisualStudioVersion = 10.0.40219.1
Project("{FAE04EC0-301F-11D3-BF4B-00C04F79EFBC}") = "Find First and Last Position", "Find First and Last Position\Find First and Last Position.csproj", "{C96672B0-D186-4CD7-B7BB-8544AF41CAFC}"
EndProject
Global
	GlobalSection(SolutionConfigurationPlatforms) = preSolution
		Debug|Any CPU = Debug|Any CPU
		Release|Any CPU = Release|Any CPU
	EndGlobalSection
	GlobalSection(ProjectConfigurationPlatforms) = postSolution
		{C96672B0-D186-4CD7-B7BB-8544AF41CAFC}.Debug|Any CPU.ActiveCfg = Debug|Any CPU
		{C96672B0-D186-4CD7-B7BB-8544AF41CAFC}.Debug|Any CPU.Build.0 = Debug|Any CPU
		{C96672B0-D186-4CD7-B7BB-8544AF41CAFC}.Release|Any CPU.ActiveCfg = Release|Any CPU
		{C96672B0-D186-4CD7-B7BB-8544AF41CAFC}.Release|Any CPU.Build.0 = Release|Any CPU
	EndGlobalSection
	GlobalSection(SolutionProperties) = preSolution
		HideSolutionNode = FALSE
	EndGlobalSection
	GlobalSection(ExtensibilityGlobals) = postSolution
		SolutionGuid = {B446DC2E-C15E-4AA7-8F77-1D9BEED2B9BB}
	EndGlobalSection
EndGlobal
